{
  "nodes": {
    "cli11": {
      "flake": false,
      "locked": {
        "lastModified": 1714798251,
        "narHash": "sha256-BLjGKN/UQIPVFlZaJ2VxTLFfY6otpJZ6HqfLtt5+r88=",
        "owner": "CLIUtils",
        "repo": "CLI11",
        "rev": "6c7b07a878ad834957b98d0f9ce1dbe0cb204fc9",
        "type": "github"
      },
      "original": {
        "owner": "CLIUtils",
        "ref": "v2.4.2",
        "repo": "CLI11",
        "type": "github"
      }
    },
    "doctest": {
      "flake": false,
      "locked": {
        "lastModified": 1745842486,
        "narHash": "sha256-Fxs1EWydhqN9whx+Cn4fnZ4fhCEQvFgL5e9TUiXlnq8=",
        "owner": "doctest",
        "repo": "doctest",
        "rev": "1da23a3e8119ec5cce4f9388e91b065e20bf06f5",
        "type": "github"
      },
      "original": {
        "owner": "doctest",
        "ref": "v2.4.12",
        "repo": "doctest",
        "type": "github"
      }
    },
    "flake-utils": {
      "inputs": {
        "systems": "systems"
      },
      "locked": {
        "lastModified": 1731533236,
        "narHash": "sha256-l0KFg5HjrsfsO/JpG+r7fRrqm12kzFHyUHqHCVpMMbI=",
        "owner": "numtide",
        "repo": "flake-utils",
        "rev": "11707dc2f618dd54ca8739b309ec4fc024de578b",
        "type": "github"
      },
      "original": {
        "owner": "numtide",
        "repo": "flake-utils",
        "type": "github"
      }
    },
    "msgpack-cxx": {
      "flake": false,
      "locked": {
        "lastModified": 1730515301,
        "narHash": "sha256-kg4mpNiigfZ59ZeL8LXEHwtkLU8Po+vgRcUcgTJd+h4=",
        "owner": "msgpack",
        "repo": "msgpack-c",
        "rev": "919908742b4fdbc575e77fe1a8657e70c9573c44",
        "type": "github"
      },
      "original": {
        "owner": "msgpack",
        "ref": "cpp-7.0.0",
        "repo": "msgpack-c",
        "type": "github"
      }
    },
    "nixpkgs": {
      "locked": {
        "lastModified": 1772624091,
        "narHash": "sha256-QKyJ0QGWBn6r0invrMAK8dmJoBYWoOWy7lN+UHzW1jc=",
        "owner": "NixOS",
        "repo": "nixpkgs",
        "rev": "80bdc1e5ce51f56b19791b52b2901187931f5353",
        "type": "github"
      },
      "original": {
        "owner": "NixOS",
        "ref": "nixos-unstable",
        "repo": "nixpkgs",
        "type": "github"
      }
    },
    "root": {
      "inputs": {
        "cli11": "cli11",
        "doctest": "doctest",
        "flake-utils": "flake-utils",
        "msgpack-cxx": "msgpack-cxx",
        "nixpkgs": "nixpkgs",
        "spdlog": "spdlog",
        "tomlplusplus": "tomlplusplus"
      }
    },
    "spdlog": {
      "flake": false,
      "locked": {
        "lastModified": 1731164490,
        "narHash": "sha256-HCpnN28qWreg0NvL6Q9pfSSxOTHgV6glHt6P0FbH/Cw=",
        "owner": "gabime",
        "repo": "spdlog",
        "rev": "8e5613379f5140fefb0b60412fbf1f5406e7c7f8",
        "type": "github"
      },
      "original": {
        "owner": "gabime",
        "ref": "v1.15.0",
        "repo": "spdlog",
        "type": "github"
      }
    },
    "systems": {
      "locked": {
        "lastModified": 1681028828,
        "narHash": "sha256-Vy1rq5AaRuLzOxct8nz4T6wlgyUR7zLU309k9mBC768=",
        "owner": "nix-systems",
        "repo": "default",
        "rev": "da67096a3b9bf56a91d16901293e51ba5b49a27e",
        "type": "github"
      },
      "original": {
        "owner": "nix-systems",
        "repo": "default",
        "type": "github"
      }
    },
    "tomlplusplus": {
      "flake": false,
      "locked": {
        "lastModified": 1697204382,
        "narHash": "sha256-h5tbO0Rv2tZezY58yUbyRVpsfRjY3i+5TPkkxr6La8M=",
        "owner": "marzer",
        "repo": "tomlplusplus",
        "rev": "30172438cee64926dc41fdd9c11fb3ba5b2ba9de",
        "type": "github"
      },
      "original": {
        "owner": "marzer",
        "ref": "v3.4.0",
        "repo": "tomlplusplus",
        "type": "github"
      }
    }
  },
  "root": "root",
  "version": 7
}
